
Microsoft Visual Studio Solution File, Format Version 12.00
# Visual Studio Version 17
VisualStudioVersion = 17.11.35303.130
MinimumVisualStudioVersion = 10.0.40219.1
Project("{FAE04EC0-301F-11D3-BF4B-00C04F79EFBC}") = "1zad", "1zad.csproj", "{632DF1D8-6019-4057-8B40-8B4907F7D480}"
EndProject
Project("{FAE04EC0-301F-11D3-BF4B-00C04F79EFBC}") = "2zad", "..\2zad\2zad.csproj", "{86EDF814-8B01-4D5B-9C90-910C99572AA8}"
EndProject
Project("{FAE04EC0-301F-11D3-BF4B-00C04F79EFBC}") = "3zad", "..\3zad\3zad.csproj", "{374BCB98-2C32-4254-B328-C2EC04C537DA}"
EndProject
Project("{FAE04EC0-301F-11D3-BF4B-00C04F79EFBC}") = "4zad", "..\4zad\4zad.csproj", "{56259E1D-42B9-4305-9D8D-F71C53378BE7}"
EndProject
Project("{FAE04EC0-301F-11D3-BF4B-00C04F79EFBC}") = "5zad", "..\5zad\5zad.csproj", "{93BB5CEB-4048-408D-A70C-357F5F9D59B6}"
EndProject
Global
	GlobalSection(SolutionConfigurationPlatforms) = preSolution
		Debug|Any CPU = Debug|Any CPU
		Release|Any CPU = Release|Any CPU
	EndGlobalSection
	GlobalSection(ProjectConfigurationPlatforms) = postSolution
		{632DF1D8-6019-4057-8B40-8B4907F7D480}.Debug|Any CPU.ActiveCfg = Debug|Any CPU
		{632DF1D8-6019-4057-8B40-8B4907F7D480}.Debug|Any CPU.Build.0 = Debug|Any CPU
		{632DF1D8-6019-4057-8B40-8B4907F7D480}.Release|Any CPU.ActiveCfg = Release|Any CPU
		{632DF1D8-6019-4057-8B40-8B4907F7D480}.Release|Any CPU.Build.0 = Release|Any CPU
		{86EDF814-8B01-4D5B-9C90-910C99572AA8}.Debug|Any CPU.ActiveCfg = Debug|Any CPU
		{86EDF814-8B01-4D5B-9C90-910C99572AA8}.Debug|Any CPU.Build.0 = Debug|Any CPU
		{86EDF814-8B01-4D5B-9C90-910C99572AA8}.Release|Any CPU.ActiveCfg = Release|Any CPU
		{86EDF814-8B01-4D5B-9C90-910C99572AA8}.Release|Any CPU.Build.0 = Release|Any CPU
		{374BCB98-2C32-4254-B328-C2EC04C537DA}.Debug|Any CPU.ActiveCfg = Debug|Any CPU
		{374BCB98-2C32-4254-B328-C2EC04C537DA}.Debug|Any CPU.Build.0 = Debug|Any CPU
		{374BCB98-2C32-4254-B328-C2EC04C537DA}.Release|Any CPU.ActiveCfg = Release|Any CPU
		{374BCB98-2C32-4254-B328-C2EC04C537DA}.Release|Any CPU.Build.0 = Release|Any CPU
		{56259E1D-42B9-4305-9D8D-F71C53378BE7}.Debug|Any CPU.ActiveCfg = Debug|Any CPU
		{56259E1D-42B9-4305-9D8D-F71C53378BE7}.Debug|Any CPU.Build.0 = Debug|Any CPU
		{56259E1D-42B9-4305-9D8D-F71C53378BE7}.Release|Any CPU.ActiveCfg = Release|Any CPU
		{56259E1D-42B9-4305-9D8D-F71C53378BE7}.Release|Any CPU.Build.0 = Release|Any CPU
		{93BB5CEB-4048-408D-A70C-357F5F9D59B6}.Debug|Any CPU.ActiveCfg = Debug|Any CPU
		{93BB5CEB-4048-408D-A70C-357F5F9D59B6}.Debug|Any CPU.Build.0 = Debug|Any CPU
		{93BB5CEB-4048-408D-A70C-357F5F9D59B6}.Release|Any CPU.ActiveCfg = Release|Any CPU
		{93BB5CEB-4048-408D-A70C-357F5F9D59B6}.Release|Any CPU.Build.0 = Release|Any CPU
	EndGlobalSection
	GlobalSection(SolutionProperties) = preSolution
		HideSolutionNode = FALSE
	EndGlobalSection
	GlobalSection(ExtensibilityGlobals) = postSolution
		SolutionGuid = {B5285B36-01F3-4D47-89C1-D743BA4F11DF}
	EndGlobalSection
EndGlobal
