
Microsoft Visual Studio Solution File, Format Version 12.00
# Visual Studio Version 17
VisualStudioVersion = 17.11.35303.130
MinimumVisualStudioVersion = 10.0.40219.1
Project("{FAE04EC0-301F-11D3-BF4B-00C04F79EFBC}") = "zadanije1.12", "zadanije1.12.csproj", "{36AE7D7E-9BFC-43A2-9B52-D150D5E55CCE}"
EndProject
Global
	GlobalSection(SolutionConfigurationPlatforms) = preSolution
		Debug|Any CPU = Debug|Any CPU
		Release|Any CPU = Release|Any CPU
	EndGlobalSection
	GlobalSection(ProjectConfigurationPlatforms) = postSolution
		{36AE7D7E-9BFC-43A2-9B52-D150D5E55CCE}.Debug|Any CPU.ActiveCfg = Debug|Any CPU
		{36AE7D7E-9BFC-43A2-9B52-D150D5E55CCE}.Debug|Any CPU.Build.0 = Debug|Any CPU
		{36AE7D7E-9BFC-43A2-9B52-D150D5E55CCE}.Release|Any CPU.ActiveCfg = Release|Any CPU
		{36AE7D7E-9BFC-43A2-9B52-D150D5E55CCE}.Release|Any CPU.Build.0 = Release|Any CPU
	EndGlobalSection
	GlobalSection(SolutionProperties) = preSolution
		HideSolutionNode = FALSE
	EndGlobalSection
	GlobalSection(ExtensibilityGlobals) = postSolution
		SolutionGuid = {F78AE377-9711-4426-A5B1-8E6A8455B0EC}
	EndGlobalSection
EndGlobal
